
Microsoft Visual Studio Solution File, Format Version 12.00
# Visual Studio 14
VisualStudioVersion = 14.0.25420.1
MinimumVisualStudioVersion = 10.0.40219.1
Project("{FAE04EC0-301F-11D3-BF4B-00C04F79EFBC}") = "RealXamarinFormsDemo", "RealXamarinFormsDemo\RealXamarinFormsDemo\RealXamarinFormsDemo.csproj", "{468001AF-5A1B-4171-BE29-A1CD97EF1E79}"
EndProject
Project("{FAE04EC0-301F-11D3-BF4B-00C04F79EFBC}") = "RealXamarinFormsDemo.Droid", "RealXamarinFormsDemo\RealXamarinFormsDemo.Droid\RealXamarinFormsDemo.Droid.csproj", "{691FC3B9-8253-43E0-9785-6E007B72C871}"
EndProject
Project("{FAE04EC0-301F-11D3-BF4B-00C04F79EFBC}") = "RealXamarinFormsDemo.iOS", "RealXamarinFormsDemo\RealXamarinFormsDemo.iOS\RealXamarinFormsDemo.iOS.csproj", "{7E35F130-B7D7-4EDE-AF6C-3F317FE2A9CB}"
EndProject
Global
	GlobalSection(SolutionConfigurationPlatforms) = preSolution
		Ad-Hoc|Any CPU = Ad-Hoc|Any CPU
		Ad-Hoc|ARM = Ad-Hoc|ARM
		Ad-Hoc|iPhone = Ad-Hoc|iPhone
		Ad-Hoc|iPhoneSimulator = Ad-Hoc|iPhoneSimulator
		Ad-Hoc|x64 = Ad-Hoc|x64
		Ad-Hoc|x86 = Ad-Hoc|x86
		AppStore|Any CPU = AppStore|Any CPU
		AppStore|ARM = AppStore|ARM
		AppStore|iPhone = AppStore|iPhone
		AppStore|iPhoneSimulator = AppStore|iPhoneSimulator
		AppStore|x64 = AppStore|x64
		AppStore|x86 = AppStore|x86
		Debug|Any CPU = Debug|Any CPU
		Debug|ARM = Debug|ARM
		Debug|iPhone = Debug|iPhone
		Debug|iPhoneSimulator = Debug|iPhoneSimulator
		Debug|x64 = Debug|x64
		Debug|x86 = Debug|x86
		Release|Any CPU = Release|Any CPU
		Release|ARM = Release|ARM
		Release|iPhone = Release|iPhone
		Release|iPhoneSimulator = Release|iPhoneSimulator
		Release|x64 = Release|x64
		Release|x86 = Release|x86
	EndGlobalSection
	GlobalSection(ProjectConfigurationPlatforms) = postSolution
		{468001AF-5A1B-4171-BE29-A1CD97EF1E79}.Ad-Hoc|Any CPU.ActiveCfg = Release|Any CPU
		{468001AF-5A1B-4171-BE29-A1CD97EF1E79}.Ad-Hoc|Any CPU.Build.0 = Release|Any CPU
		{468001AF-5A1B-4171-BE29-A1CD97EF1E79}.Ad-Hoc|ARM.ActiveCfg = Release|Any CPU
		{468001AF-5A1B-4171-BE29-A1CD97EF1E79}.Ad-Hoc|ARM.Build.0 = Release|Any CPU
		{468001AF-5A1B-4171-BE29-A1CD97EF1E79}.Ad-Hoc|iPhone.ActiveCfg = Release|Any CPU
		{468001AF-5A1B-4171-BE29-A1CD97EF1E79}.Ad-Hoc|iPhone.Build.0 = Release|Any CPU
		{468001AF-5A1B-4171-BE29-A1CD97EF1E79}.Ad-Hoc|iPhoneSimulator.ActiveCfg = Release|Any CPU
		{468001AF-5A1B-4171-BE29-A1CD97EF1E79}.Ad-Hoc|iPhoneSimulator.Build.0 = Release|Any CPU
		{468001AF-5A1B-4171-BE29-A1CD97EF1E79}.Ad-Hoc|x64.ActiveCfg = Release|Any CPU
		{468001AF-5A1B-4171-BE29-A1CD97EF1E79}.Ad-Hoc|x64.Build.0 = Release|Any CPU
		{468001AF-5A1B-4171-BE29-A1CD97EF1E79}.Ad-Hoc|x86.ActiveCfg = Release|Any CPU
		{468001AF-5A1B-4171-BE29-A1CD97EF1E79}.Ad-Hoc|x86.Build.0 = Release|Any CPU
		{468001AF-5A1B-4171-BE29-A1CD97EF1E79}.AppStore|Any CPU.ActiveCfg = Release|Any CPU
		{468001AF-5A1B-4171-BE29-A1CD97EF1E79}.AppStore|Any CPU.Build.0 = Release|Any CPU
		{468001AF-5A1B-4171-BE29-A1CD97EF1E79}.AppStore|ARM.ActiveCfg = Release|Any CPU
		{468001AF-5A1B-4171-BE29-A1CD97EF1E79}.AppStore|ARM.Build.0 = Release|Any CPU
		{468001AF-5A1B-4171-BE29-A1CD97EF1E79}.AppStore|iPhone.ActiveCfg = Release|Any CPU
		{468001AF-5A1B-4171-BE29-A1CD97EF1E79}.AppStore|iPhone.Build.0 = Release|Any CPU
		{468001AF-5A1B-4171-BE29-A1CD97EF1E79}.AppStore|iPhoneSimulator.ActiveCfg = Release|Any CPU
		{468001AF-5A1B-4171-BE29-A1CD97EF1E79}.AppStore|iPhoneSimulator.Build.0 = Release|Any CPU
		{468001AF-5A1B-4171-BE29-A1CD97EF1E79}.AppStore|x64.ActiveCfg = Release|Any CPU
		{468001AF-5A1B-4171-BE29-A1CD97EF1E79}.AppStore|x64.Build.0 = Release|Any CPU
		{468001AF-5A1B-4171-BE29-A1CD97EF1E79}.AppStore|x86.ActiveCfg = Release|Any CPU
		{468001AF-5A1B-4171-BE29-A1CD97EF1E79}.AppStore|x86.Build.0 = Release|Any CPU
		{468001AF-5A1B-4171-BE29-A1CD97EF1E79}.Debug|Any CPU.ActiveCfg = Debug|Any CPU
		{468001AF-5A1B-4171-BE29-A1CD97EF1E79}.Debug|Any CPU.Build.0 = Debug|Any CPU
		{468001AF-5A1B-4171-BE29-A1CD97EF1E79}.Debug|ARM.ActiveCfg = Debug|Any CPU
		{468001AF-5A1B-4171-BE29-A1CD97EF1E79}.Debug|ARM.Build.0 = Debug|Any CPU
		{468001AF-5A1B-4171-BE29-A1CD97EF1E79}.Debug|iPhone.ActiveCfg = Debug|Any CPU
		{468001AF-5A1B-4171-BE29-A1CD97EF1E79}.Debug|iPhone.Build.0 = Debug|Any CPU
		{468001AF-5A1B-4171-BE29-A1CD97EF1E79}.Debug|iPhoneSimulator.ActiveCfg = Debug|Any CPU
		{468001AF-5A1B-4171-BE29-A1CD97EF1E79}.Debug|iPhoneSimulator.Build.0 = Debug|Any CPU
		{468001AF-5A1B-4171-BE29-A1CD97EF1E79}.Debug|x64.ActiveCfg = Debug|Any CPU
		{468001AF-5A1B-4171-BE29-A1CD97EF1E79}.Debug|x64.Build.0 = Debug|Any CPU
		{468001AF-5A1B-4171-BE29-A1CD97EF1E79}.Debug|x86.ActiveCfg = Debug|Any CPU
		{468001AF-5A1B-4171-BE29-A1CD97EF1E79}.Debug|x86.Build.0 = Debug|Any CPU
		{468001AF-5A1B-4171-BE29-A1CD97EF1E79}.Release|Any CPU.ActiveCfg = Release|Any CPU
		{468001AF-5A1B-4171-BE29-A1CD97EF1E79}.Release|Any CPU.Build.0 = Release|Any CPU
		{468001AF-5A1B-4171-BE29-A1CD97EF1E79}.Release|ARM.ActiveCfg = Release|Any CPU
		{468001AF-5A1B-4171-BE29-A1CD97EF1E79}.Release|ARM.Build.0 = Release|Any CPU
		{468001AF-5A1B-4171-BE29-A1CD97EF1E79}.Release|iPhone.ActiveCfg = Release|Any CPU
		{468001AF-5A1B-4171-BE29-A1CD97EF1E79}.Release|iPhone.Build.0 = Release|Any CPU
		{468001AF-5A1B-4171-BE29-A1CD97EF1E79}.Release|iPhoneSimulator.ActiveCfg = Release|Any CPU
		{468001AF-5A1B-4171-BE29-A1CD97EF1E79}.Release|iPhoneSimulator.Build.0 = Release|Any CPU
		{468001AF-5A1B-4171-BE29-A1CD97EF1E79}.Release|x64.ActiveCfg = Release|Any CPU
		{468001AF-5A1B-4171-BE29-A1CD97EF1E79}.Release|x64.Build.0 = Release|Any CPU
		{468001AF-5A1B-4171-BE29-A1CD97EF1E79}.Release|x86.ActiveCfg = Release|Any CPU
		{468001AF-5A1B-4171-BE29-A1CD97EF1E79}.Release|x86.Build.0 = Release|Any CPU
		{691FC3B9-8253-43E0-9785-6E007B72C871}.Ad-Hoc|Any CPU.ActiveCfg = Release|Any CPU
		{691FC3B9-8253-43E0-9785-6E007B72C871}.Ad-Hoc|Any CPU.Build.0 = Release|Any CPU
		{691FC3B9-8253-43E0-9785-6E007B72C871}.Ad-Hoc|Any CPU.Deploy.0 = Release|Any CPU
		{691FC3B9-8253-43E0-9785-6E007B72C871}.Ad-Hoc|ARM.ActiveCfg = Release|Any CPU
		{691FC3B9-8253-43E0-9785-6E007B72C871}.Ad-Hoc|ARM.Build.0 = Release|Any CPU
		{691FC3B9-8253-43E0-9785-6E007B72C871}.Ad-Hoc|ARM.Deploy.0 = Release|Any CPU
		{691FC3B9-8253-43E0-9785-6E007B72C871}.Ad-Hoc|iPhone.ActiveCfg = Release|Any CPU
		{691FC3B9-8253-43E0-9785-6E007B72C871}.Ad-Hoc|iPhone.Build.0 = Release|Any CPU
		{691FC3B9-8253-43E0-9785-6E007B72C871}.Ad-Hoc|iPhone.Deploy.0 = Release|Any CPU
		{691FC3B9-8253-43E0-9785-6E007B72C871}.Ad-Hoc|iPhoneSimulator.ActiveCfg = Release|Any CPU
		{691FC3B9-8253-43E0-9785-6E007B72C871}.Ad-Hoc|iPhoneSimulator.Build.0 = Release|Any CPU
		{691FC3B9-8253-43E0-9785-6E007B72C871}.Ad-Hoc|iPhoneSimulator.Deploy.0 = Release|Any CPU
		{691FC3B9-8253-43E0-9785-6E007B72C871}.Ad-Hoc|x64.ActiveCfg = Release|Any CPU
		{691FC3B9-8253-43E0-9785-6E007B72C871}.Ad-Hoc|x64.Build.0 = Release|Any CPU
		{691FC3B9-8253-43E0-9785-6E007B72C871}.Ad-Hoc|x64.Deploy.0 = Release|Any CPU
		{691FC3B9-8253-43E0-9785-6E007B72C871}.Ad-Hoc|x86.ActiveCfg = Release|Any CPU
		{691FC3B9-8253-43E0-9785-6E007B72C871}.Ad-Hoc|x86.Build.0 = Release|Any CPU
		{691FC3B9-8253-43E0-9785-6E007B72C871}.Ad-Hoc|x86.Deploy.0 = Release|Any CPU
		{691FC3B9-8253-43E0-9785-6E007B72C871}.AppStore|Any CPU.ActiveCfg = Release|Any CPU
		{691FC3B9-8253-43E0-9785-6E007B72C871}.AppStore|Any CPU.Build.0 = Release|Any CPU
		{691FC3B9-8253-43E0-9785-6E007B72C871}.AppStore|Any CPU.Deploy.0 = Release|Any CPU
		{691FC3B9-8253-43E0-9785-6E007B72C871}.AppStore|ARM.ActiveCfg = Release|Any CPU
		{691FC3B9-8253-43E0-9785-6E007B72C871}.AppStore|ARM.Build.0 = Release|Any CPU
		{691FC3B9-8253-43E0-9785-6E007B72C871}.AppStore|ARM.Deploy.0 = Release|Any CPU
		{691FC3B9-8253-43E0-9785-6E007B72C871}.AppStore|iPhone.ActiveCfg = Release|Any CPU
		{691FC3B9-8253-43E0-9785-6E007B72C871}.AppStore|iPhone.Build.0 = Release|Any CPU
		{691FC3B9-8253-43E0-9785-6E007B72C871}.AppStore|iPhone.Deploy.0 = Release|Any CPU
		{691FC3B9-8253-43E0-9785-6E007B72C871}.AppStore|iPhoneSimulator.ActiveCfg = Release|Any CPU
		{691FC3B9-8253-43E0-9785-6E007B72C871}.AppStore|iPhoneSimulator.Build.0 = Release|Any CPU
		{691FC3B9-8253-43E0-9785-6E007B72C871}.AppStore|iPhoneSimulator.Deploy.0 = Release|Any CPU
		{691FC3B9-8253-43E0-9785-6E007B72C871}.AppStore|x64.ActiveCfg = Release|Any CPU
		{691FC3B9-8253-43E0-9785-6E007B72C871}.AppStore|x64.Build.0 = Release|Any CPU
		{691FC3B9-8253-43E0-9785-6E007B72C871}.AppStore|x64.Deploy.0 = Release|Any CPU
		{691FC3B9-8253-43E0-9785-6E007B72C871}.AppStore|x86.ActiveCfg = Release|Any CPU
		{691FC3B9-8253-43E0-9785-6E007B72C871}.AppStore|x86.Build.0 = Release|Any CPU
		{691FC3B9-8253-43E0-9785-6E007B72C871}.AppStore|x86.Deploy.0 = Release|Any CPU
		{691FC3B9-8253-43E0-9785-6E007B72C871}.Debug|Any CPU.ActiveCfg = Debug|Any CPU
		{691FC3B9-8253-43E0-9785-6E007B72C871}.Debug|Any CPU.Build.0 = Debug|Any CPU
		{691FC3B9-8253-43E0-9785-6E007B72C871}.Debug|Any CPU.Deploy.0 = Debug|Any CPU
		{691FC3B9-8253-43E0-9785-6E007B72C871}.Debug|ARM.ActiveCfg = Debug|Any CPU
		{691FC3B9-8253-43E0-9785-6E007B72C871}.Debug|ARM.Build.0 = Debug|Any CPU
		{691FC3B9-8253-43E0-9785-6E007B72C871}.Debug|ARM.Deploy.0 = Debug|Any CPU
		{691FC3B9-8253-43E0-9785-6E007B72C871}.Debug|iPhone.ActiveCfg = Debug|Any CPU
		{691FC3B9-8253-43E0-9785-6E007B72C871}.Debug|iPhone.Build.0 = Debug|Any CPU
		{691FC3B9-8253-43E0-9785-6E007B72C871}.Debug|iPhone.Deploy.0 = Debug|Any CPU
		{691FC3B9-8253-43E0-9785-6E007B72C871}.Debug|iPhoneSimulator.ActiveCfg = Debug|Any CPU
		{691FC3B9-8253-43E0-9785-6E007B72C871}.Debug|iPhoneSimulator.Build.0 = Debug|Any CPU
		{691FC3B9-8253-43E0-9785-6E007B72C871}.Debug|iPhoneSimulator.Deploy.0 = Debug|Any CPU
		{691FC3B9-8253-43E0-9785-6E007B72C871}.Debug|x64.ActiveCfg = Debug|Any CPU
		{691FC3B9-8253-43E0-9785-6E007B72C871}.Debug|x64.Build.0 = Debug|Any CPU
		{691FC3B9-8253-43E0-9785-6E007B72C871}.Debug|x64.Deploy.0 = Debug|Any CPU
		{691FC3B9-8253-43E0-9785-6E007B72C871}.Debug|x86.ActiveCfg = Debug|Any CPU
		{691FC3B9-8253-43E0-9785-6E007B72C871}.Debug|x86.Build.0 = Debug|Any CPU
		{691FC3B9-8253-43E0-9785-6E007B72C871}.Debug|x86.Deploy.0 = Debug|Any CPU
		{691FC3B9-8253-43E0-9785-6E007B72C871}.Release|Any CPU.ActiveCfg = Release|Any CPU
		{691FC3B9-8253-43E0-9785-6E007B72C871}.Release|Any CPU.Build.0 = Release|Any CPU
		{691FC3B9-8253-43E0-9785-6E007B72C871}.Release|Any CPU.Deploy.0 = Release|Any CPU
		{691FC3B9-8253-43E0-9785-6E007B72C871}.Release|ARM.ActiveCfg = Release|Any CPU
		{691FC3B9-8253-43E0-9785-6E007B72C871}.Release|ARM.Build.0 = Release|Any CPU
		{691FC3B9-8253-43E0-9785-6E007B72C871}.Release|ARM.Deploy.0 = Release|Any CPU
		{691FC3B9-8253-43E0-9785-6E007B72C871}.Release|iPhone.ActiveCfg = Release|Any CPU
		{691FC3B9-8253-43E0-9785-6E007B72C871}.Release|iPhone.Build.0 = Release|Any CPU
		{691FC3B9-8253-43E0-9785-6E007B72C871}.Release|iPhone.Deploy.0 = Release|Any CPU
		{691FC3B9-8253-43E0-9785-6E007B72C871}.Release|iPhoneSimulator.ActiveCfg = Release|Any CPU
		{691FC3B9-8253-43E0-9785-6E007B72C871}.Release|iPhoneSimulator.Build.0 = Release|Any CPU
		{691FC3B9-8253-43E0-9785-6E007B72C871}.Release|iPhoneSimulator.Deploy.0 = Release|Any CPU
		{691FC3B9-8253-43E0-9785-6E007B72C871}.Release|x64.ActiveCfg = Release|Any CPU
		{691FC3B9-8253-43E0-9785-6E007B72C871}.Release|x64.Build.0 = Release|Any CPU
		{691FC3B9-8253-43E0-9785-6E007B72C871}.Release|x64.Deploy.0 = Release|Any CPU
		{691FC3B9-8253-43E0-9785-6E007B72C871}.Release|x86.ActiveCfg = Release|Any CPU
		{691FC3B9-8253-43E0-9785-6E007B72C871}.Release|x86.Build.0 = Release|Any CPU
		{691FC3B9-8253-43E0-9785-6E007B72C871}.Release|x86.Deploy.0 = Release|Any CPU
		{7E35F130-B7D7-4EDE-AF6C-3F317FE2A9CB}.Ad-Hoc|Any CPU.ActiveCfg = Ad-Hoc|iPhone
		{7E35F130-B7D7-4EDE-AF6C-3F317FE2A9CB}.Ad-Hoc|ARM.ActiveCfg = Ad-Hoc|iPhone
		{7E35F130-B7D7-4EDE-AF6C-3F317FE2A9CB}.Ad-Hoc|iPhone.ActiveCfg = Ad-Hoc|iPhone
		{7E35F130-B7D7-4EDE-AF6C-3F317FE2A9CB}.Ad-Hoc|iPhone.Build.0 = Ad-Hoc|iPhone
		{7E35F130-B7D7-4EDE-AF6C-3F317FE2A9CB}.Ad-Hoc|iPhoneSimulator.ActiveCfg = Ad-Hoc|iPhoneSimulator
		{7E35F130-B7D7-4EDE-AF6C-3F317FE2A9CB}.Ad-Hoc|iPhoneSimulator.Build.0 = Ad-Hoc|iPhoneSimulator
		{7E35F130-B7D7-4EDE-AF6C-3F317FE2A9CB}.Ad-Hoc|x64.ActiveCfg = Ad-Hoc|iPhone
		{7E35F130-B7D7-4EDE-AF6C-3F317FE2A9CB}.Ad-Hoc|x86.ActiveCfg = Ad-Hoc|iPhone
		{7E35F130-B7D7-4EDE-AF6C-3F317FE2A9CB}.AppStore|Any CPU.ActiveCfg = AppStore|iPhone
		{7E35F130-B7D7-4EDE-AF6C-3F317FE2A9CB}.AppStore|ARM.ActiveCfg = AppStore|iPhone
		{7E35F130-B7D7-4EDE-AF6C-3F317FE2A9CB}.AppStore|iPhone.ActiveCfg = AppStore|iPhone
		{7E35F130-B7D7-4EDE-AF6C-3F317FE2A9CB}.AppStore|iPhone.Build.0 = AppStore|iPhone
		{7E35F130-B7D7-4EDE-AF6C-3F317FE2A9CB}.AppStore|iPhoneSimulator.ActiveCfg = AppStore|iPhoneSimulator
		{7E35F130-B7D7-4EDE-AF6C-3F317FE2A9CB}.AppStore|iPhoneSimulator.Build.0 = AppStore|iPhoneSimulator
		{7E35F130-B7D7-4EDE-AF6C-3F317FE2A9CB}.AppStore|x64.ActiveCfg = AppStore|iPhone
		{7E35F130-B7D7-4EDE-AF6C-3F317FE2A9CB}.AppStore|x86.ActiveCfg = AppStore|iPhone
		{7E35F130-B7D7-4EDE-AF6C-3F317FE2A9CB}.Debug|Any CPU.ActiveCfg = Debug|iPhone
		{7E35F130-B7D7-4EDE-AF6C-3F317FE2A9CB}.Debug|ARM.ActiveCfg = Debug|iPhone
		{7E35F130-B7D7-4EDE-AF6C-3F317FE2A9CB}.Debug|iPhone.ActiveCfg = Debug|iPhone
		{7E35F130-B7D7-4EDE-AF6C-3F317FE2A9CB}.Debug|iPhone.Build.0 = Debug|iPhone
		{7E35F130-B7D7-4EDE-AF6C-3F317FE2A9CB}.Debug|iPhoneSimulator.ActiveCfg = Debug|iPhoneSimulator
		{7E35F130-B7D7-4EDE-AF6C-3F317FE2A9CB}.Debug|iPhoneSimulator.Build.0 = Debug|iPhoneSimulator
		{7E35F130-B7D7-4EDE-AF6C-3F317FE2A9CB}.Debug|x64.ActiveCfg = Debug|iPhone
		{7E35F130-B7D7-4EDE-AF6C-3F317FE2A9CB}.Debug|x86.ActiveCfg = Debug|iPhone
		{7E35F130-B7D7-4EDE-AF6C-3F317FE2A9CB}.Release|Any CPU.ActiveCfg = Release|iPhone
		{7E35F130-B7D7-4EDE-AF6C-3F317FE2A9CB}.Release|ARM.ActiveCfg = Release|iPhone
		{7E35F130-B7D7-4EDE-AF6C-3F317FE2A9CB}.Release|iPhone.ActiveCfg = Release|iPhone
		{7E35F130-B7D7-4EDE-AF6C-3F317FE2A9CB}.Release|iPhone.Build.0 = Release|iPhone
		{7E35F130-B7D7-4EDE-AF6C-3F317FE2A9CB}.Release|iPhoneSimulator.ActiveCfg = Release|iPhoneSimulator
		{7E35F130-B7D7-4EDE-AF6C-3F317FE2A9CB}.Release|iPhoneSimulator.Build.0 = Release|iPhoneSimulator
		{7E35F130-B7D7-4EDE-AF6C-3F317FE2A9CB}.Release|x64.ActiveCfg = Release|iPhone
		{7E35F130-B7D7-4EDE-AF6C-3F317FE2A9CB}.Release|x86.ActiveCfg = Release|iPhone
	EndGlobalSection
	GlobalSection(SolutionProperties) = preSolution
		HideSolutionNode = FALSE
	EndGlobalSection
EndGlobal
