
Microsoft Visual Studio Solution File, Format Version 12.00
# Visual Studio 2012
Project("{FAE04EC0-301F-11D3-BF4B-00C04F79EFBC}") = "ToolbarExample", "ToolbarExample\ToolbarExample.csproj", "{F98D77FC-3E80-44B6-930C-22B76E87525F}"
EndProject
Global
	GlobalSection(SolutionConfigurationPlatforms) = preSolution
		Debug|Any CPU = Debug|Any CPU
		Release|Any CPU = Release|Any CPU
	EndGlobalSection
	GlobalSection(ProjectConfigurationPlatforms) = postSolution
		{F98D77FC-3E80-44B6-930C-22B76E87525F}.Debug|Any CPU.ActiveCfg = Debug|Any CPU
		{F98D77FC-3E80-44B6-930C-22B76E87525F}.Debug|Any CPU.Build.0 = Debug|Any CPU
		{F98D77FC-3E80-44B6-930C-22B76E87525F}.Release|Any CPU.ActiveCfg = Release|Any CPU
		{F98D77FC-3E80-44B6-930C-22B76E87525F}.Release|Any CPU.Build.0 = Release|Any CPU
	EndGlobalSection
EndGlobal
