Microsoft Visual Studio Solution File, Format Version 12.00
# Visual Studio 14
VisualStudioVersion = 14.0.25420.1
MinimumVisualStudioVersion = 10.0.40219.1
Project("{FAE04EC0-301F-11D3-BF4B-00C04F79EFBC}") = "MvvmAppDemo", "MvvmAppDemo\MvvmAppDemo.csproj", "{C5FC06E8-1E35-4201-A6D4-A5D7DD9CD36D}"
EndProject
Project("{FAE04EC0-301F-11D3-BF4B-00C04F79EFBC}") = "MvvmAppDemo.iOS", "iOS\MvvmAppDemo.iOS.csproj", "{354A00FA-B937-40B8-A356-D5A868AFCCEA}"
EndProject
Project("{FAE04EC0-301F-11D3-BF4B-00C04F79EFBC}") = "MvvmAppDemo.Droid", "Droid\MvvmAppDemo.Droid.csproj", "{59D5F8D0-76EA-4E15-B7D5-455D47DD669E}"
EndProject
Project("{FAE04EC0-301F-11D3-BF4B-00C04F79EFBC}") = "MvvmAppDemo.UWP", "UWP\MvvmAppDemo.UWP.csproj", "{35A7BF9B-33E7-4BD2-8D29-DF7E3E67CA55}"
EndProject
Global
	GlobalSection(SolutionConfigurationPlatforms) = preSolution
		Debug|Any CPU = Debug|Any CPU
		Debug|ARM = Debug|ARM
		Debug|iPhone = Debug|iPhone
		Debug|iPhoneSimulator = Debug|iPhoneSimulator
		Debug|x64 = Debug|x64
		Debug|x86 = Debug|x86
		Release|Any CPU = Release|Any CPU
		Release|ARM = Release|ARM
		Release|iPhone = Release|iPhone
		Release|iPhoneSimulator = Release|iPhoneSimulator
		Release|x64 = Release|x64
		Release|x86 = Release|x86
	EndGlobalSection
	GlobalSection(ProjectConfigurationPlatforms) = postSolution
		{C5FC06E8-1E35-4201-A6D4-A5D7DD9CD36D}.Debug|Any CPU.ActiveCfg = Debug|Any CPU
		{C5FC06E8-1E35-4201-A6D4-A5D7DD9CD36D}.Debug|Any CPU.Build.0 = Debug|Any CPU
		{C5FC06E8-1E35-4201-A6D4-A5D7DD9CD36D}.Debug|ARM.ActiveCfg = Debug|Any CPU
		{C5FC06E8-1E35-4201-A6D4-A5D7DD9CD36D}.Debug|ARM.Build.0 = Debug|Any CPU
		{C5FC06E8-1E35-4201-A6D4-A5D7DD9CD36D}.Debug|iPhone.ActiveCfg = Debug|Any CPU
		{C5FC06E8-1E35-4201-A6D4-A5D7DD9CD36D}.Debug|iPhone.Build.0 = Debug|Any CPU
		{C5FC06E8-1E35-4201-A6D4-A5D7DD9CD36D}.Debug|iPhoneSimulator.ActiveCfg = Debug|Any CPU
		{C5FC06E8-1E35-4201-A6D4-A5D7DD9CD36D}.Debug|iPhoneSimulator.Build.0 = Debug|Any CPU
		{C5FC06E8-1E35-4201-A6D4-A5D7DD9CD36D}.Debug|x64.ActiveCfg = Debug|Any CPU
		{C5FC06E8-1E35-4201-A6D4-A5D7DD9CD36D}.Debug|x64.Build.0 = Debug|Any CPU
		{C5FC06E8-1E35-4201-A6D4-A5D7DD9CD36D}.Debug|x86.ActiveCfg = Debug|Any CPU
		{C5FC06E8-1E35-4201-A6D4-A5D7DD9CD36D}.Debug|x86.Build.0 = Debug|Any CPU
		{C5FC06E8-1E35-4201-A6D4-A5D7DD9CD36D}.Release|Any CPU.ActiveCfg = Release|Any CPU
		{C5FC06E8-1E35-4201-A6D4-A5D7DD9CD36D}.Release|Any CPU.Build.0 = Release|Any CPU
		{C5FC06E8-1E35-4201-A6D4-A5D7DD9CD36D}.Release|ARM.ActiveCfg = Release|Any CPU
		{C5FC06E8-1E35-4201-A6D4-A5D7DD9CD36D}.Release|ARM.Build.0 = Release|Any CPU
		{C5FC06E8-1E35-4201-A6D4-A5D7DD9CD36D}.Release|iPhone.ActiveCfg = Release|Any CPU
		{C5FC06E8-1E35-4201-A6D4-A5D7DD9CD36D}.Release|iPhone.Build.0 = Release|Any CPU
		{C5FC06E8-1E35-4201-A6D4-A5D7DD9CD36D}.Release|iPhoneSimulator.ActiveCfg = Release|Any CPU
		{C5FC06E8-1E35-4201-A6D4-A5D7DD9CD36D}.Release|iPhoneSimulator.Build.0 = Release|Any CPU
		{C5FC06E8-1E35-4201-A6D4-A5D7DD9CD36D}.Release|x64.ActiveCfg = Release|Any CPU
		{C5FC06E8-1E35-4201-A6D4-A5D7DD9CD36D}.Release|x64.Build.0 = Release|Any CPU
		{C5FC06E8-1E35-4201-A6D4-A5D7DD9CD36D}.Release|x86.ActiveCfg = Release|Any CPU
		{C5FC06E8-1E35-4201-A6D4-A5D7DD9CD36D}.Release|x86.Build.0 = Release|Any CPU
		{354A00FA-B937-40B8-A356-D5A868AFCCEA}.Debug|Any CPU.ActiveCfg = Debug|iPhoneSimulator
		{354A00FA-B937-40B8-A356-D5A868AFCCEA}.Debug|Any CPU.Build.0 = Debug|iPhoneSimulator
		{354A00FA-B937-40B8-A356-D5A868AFCCEA}.Debug|ARM.ActiveCfg = Debug|iPhone
		{354A00FA-B937-40B8-A356-D5A868AFCCEA}.Debug|iPhone.ActiveCfg = Debug|iPhone
		{354A00FA-B937-40B8-A356-D5A868AFCCEA}.Debug|iPhone.Build.0 = Debug|iPhone
		{354A00FA-B937-40B8-A356-D5A868AFCCEA}.Debug|iPhoneSimulator.ActiveCfg = Debug|iPhoneSimulator
		{354A00FA-B937-40B8-A356-D5A868AFCCEA}.Debug|iPhoneSimulator.Build.0 = Debug|iPhoneSimulator
		{354A00FA-B937-40B8-A356-D5A868AFCCEA}.Debug|x64.ActiveCfg = Debug|iPhone
		{354A00FA-B937-40B8-A356-D5A868AFCCEA}.Debug|x86.ActiveCfg = Debug|iPhone
		{354A00FA-B937-40B8-A356-D5A868AFCCEA}.Release|Any CPU.ActiveCfg = Release|iPhone
		{354A00FA-B937-40B8-A356-D5A868AFCCEA}.Release|Any CPU.Build.0 = Release|iPhone
		{354A00FA-B937-40B8-A356-D5A868AFCCEA}.Release|ARM.ActiveCfg = Release|iPhoneSimulator
		{354A00FA-B937-40B8-A356-D5A868AFCCEA}.Release|iPhone.ActiveCfg = Release|iPhone
		{354A00FA-B937-40B8-A356-D5A868AFCCEA}.Release|iPhone.Build.0 = Release|iPhone
		{354A00FA-B937-40B8-A356-D5A868AFCCEA}.Release|iPhoneSimulator.ActiveCfg = Release|iPhoneSimulator
		{354A00FA-B937-40B8-A356-D5A868AFCCEA}.Release|iPhoneSimulator.Build.0 = Release|iPhoneSimulator
		{354A00FA-B937-40B8-A356-D5A868AFCCEA}.Release|x64.ActiveCfg = Release|iPhoneSimulator
		{354A00FA-B937-40B8-A356-D5A868AFCCEA}.Release|x86.ActiveCfg = Release|iPhoneSimulator
		{59D5F8D0-76EA-4E15-B7D5-455D47DD669E}.Debug|Any CPU.ActiveCfg = Debug|Any CPU
		{59D5F8D0-76EA-4E15-B7D5-455D47DD669E}.Debug|Any CPU.Build.0 = Debug|Any CPU
		{59D5F8D0-76EA-4E15-B7D5-455D47DD669E}.Debug|Any CPU.Deploy.0 = Debug|Any CPU
		{59D5F8D0-76EA-4E15-B7D5-455D47DD669E}.Debug|ARM.ActiveCfg = Debug|Any CPU
		{59D5F8D0-76EA-4E15-B7D5-455D47DD669E}.Debug|ARM.Build.0 = Debug|Any CPU
		{59D5F8D0-76EA-4E15-B7D5-455D47DD669E}.Debug|ARM.Deploy.0 = Debug|Any CPU
		{59D5F8D0-76EA-4E15-B7D5-455D47DD669E}.Debug|iPhone.ActiveCfg = Debug|Any CPU
		{59D5F8D0-76EA-4E15-B7D5-455D47DD669E}.Debug|iPhone.Build.0 = Debug|Any CPU
		{59D5F8D0-76EA-4E15-B7D5-455D47DD669E}.Debug|iPhoneSimulator.ActiveCfg = Debug|Any CPU
		{59D5F8D0-76EA-4E15-B7D5-455D47DD669E}.Debug|iPhoneSimulator.Build.0 = Debug|Any CPU
		{59D5F8D0-76EA-4E15-B7D5-455D47DD669E}.Debug|x64.ActiveCfg = Debug|Any CPU
		{59D5F8D0-76EA-4E15-B7D5-455D47DD669E}.Debug|x64.Build.0 = Debug|Any CPU
		{59D5F8D0-76EA-4E15-B7D5-455D47DD669E}.Debug|x64.Deploy.0 = Debug|Any CPU
		{59D5F8D0-76EA-4E15-B7D5-455D47DD669E}.Debug|x86.ActiveCfg = Debug|Any CPU
		{59D5F8D0-76EA-4E15-B7D5-455D47DD669E}.Debug|x86.Build.0 = Debug|Any CPU
		{59D5F8D0-76EA-4E15-B7D5-455D47DD669E}.Debug|x86.Deploy.0 = Debug|Any CPU
		{59D5F8D0-76EA-4E15-B7D5-455D47DD669E}.Release|Any CPU.ActiveCfg = Release|Any CPU
		{59D5F8D0-76EA-4E15-B7D5-455D47DD669E}.Release|Any CPU.Build.0 = Release|Any CPU
		{59D5F8D0-76EA-4E15-B7D5-455D47DD669E}.Release|Any CPU.Deploy.0 = Release|Any CPU
		{59D5F8D0-76EA-4E15-B7D5-455D47DD669E}.Release|ARM.ActiveCfg = Release|Any CPU
		{59D5F8D0-76EA-4E15-B7D5-455D47DD669E}.Release|ARM.Build.0 = Release|Any CPU
		{59D5F8D0-76EA-4E15-B7D5-455D47DD669E}.Release|ARM.Deploy.0 = Release|Any CPU
		{59D5F8D0-76EA-4E15-B7D5-455D47DD669E}.Release|iPhone.ActiveCfg = Release|Any CPU
		{59D5F8D0-76EA-4E15-B7D5-455D47DD669E}.Release|iPhone.Build.0 = Release|Any CPU
		{59D5F8D0-76EA-4E15-B7D5-455D47DD669E}.Release|iPhoneSimulator.ActiveCfg = Release|Any CPU
		{59D5F8D0-76EA-4E15-B7D5-455D47DD669E}.Release|iPhoneSimulator.Build.0 = Release|Any CPU
		{59D5F8D0-76EA-4E15-B7D5-455D47DD669E}.Release|x64.ActiveCfg = Release|Any CPU
		{59D5F8D0-76EA-4E15-B7D5-455D47DD669E}.Release|x64.Build.0 = Release|Any CPU
		{59D5F8D0-76EA-4E15-B7D5-455D47DD669E}.Release|x64.Deploy.0 = Release|Any CPU
		{59D5F8D0-76EA-4E15-B7D5-455D47DD669E}.Release|x86.ActiveCfg = Release|Any CPU
		{59D5F8D0-76EA-4E15-B7D5-455D47DD669E}.Release|x86.Build.0 = Release|Any CPU
		{59D5F8D0-76EA-4E15-B7D5-455D47DD669E}.Release|x86.Deploy.0 = Release|Any CPU
		{35A7BF9B-33E7-4BD2-8D29-DF7E3E67CA55}.Debug|Any CPU.ActiveCfg = Debug|x86
		{35A7BF9B-33E7-4BD2-8D29-DF7E3E67CA55}.Debug|Any CPU.Build.0 = Debug|x86
		{35A7BF9B-33E7-4BD2-8D29-DF7E3E67CA55}.Debug|Any CPU.Deploy.0 = Debug|x86
		{35A7BF9B-33E7-4BD2-8D29-DF7E3E67CA55}.Debug|ARM.ActiveCfg = Debug|ARM
		{35A7BF9B-33E7-4BD2-8D29-DF7E3E67CA55}.Debug|ARM.Build.0 = Debug|ARM
		{35A7BF9B-33E7-4BD2-8D29-DF7E3E67CA55}.Debug|ARM.Deploy.0 = Debug|ARM
		{35A7BF9B-33E7-4BD2-8D29-DF7E3E67CA55}.Debug|iPhone.ActiveCfg = Debug|x86
		{35A7BF9B-33E7-4BD2-8D29-DF7E3E67CA55}.Debug|iPhoneSimulator.ActiveCfg = Debug|x86
		{35A7BF9B-33E7-4BD2-8D29-DF7E3E67CA55}.Debug|x64.ActiveCfg = Debug|x64
		{35A7BF9B-33E7-4BD2-8D29-DF7E3E67CA55}.Debug|x64.Build.0 = Debug|x64
		{35A7BF9B-33E7-4BD2-8D29-DF7E3E67CA55}.Debug|x64.Deploy.0 = Debug|x64
		{35A7BF9B-33E7-4BD2-8D29-DF7E3E67CA55}.Debug|x86.ActiveCfg = Debug|x86
		{35A7BF9B-33E7-4BD2-8D29-DF7E3E67CA55}.Debug|x86.Build.0 = Debug|x86
		{35A7BF9B-33E7-4BD2-8D29-DF7E3E67CA55}.Debug|x86.Deploy.0 = Debug|x86
		{35A7BF9B-33E7-4BD2-8D29-DF7E3E67CA55}.Release|Any CPU.ActiveCfg = Release|x86
		{35A7BF9B-33E7-4BD2-8D29-DF7E3E67CA55}.Release|Any CPU.Build.0 = Release|x86
		{35A7BF9B-33E7-4BD2-8D29-DF7E3E67CA55}.Release|Any CPU.Deploy.0 = Release|x86
		{35A7BF9B-33E7-4BD2-8D29-DF7E3E67CA55}.Release|ARM.ActiveCfg = Release|ARM
		{35A7BF9B-33E7-4BD2-8D29-DF7E3E67CA55}.Release|ARM.Build.0 = Release|ARM
		{35A7BF9B-33E7-4BD2-8D29-DF7E3E67CA55}.Release|ARM.Deploy.0 = Release|ARM
		{35A7BF9B-33E7-4BD2-8D29-DF7E3E67CA55}.Release|iPhone.ActiveCfg = Release|x86
		{35A7BF9B-33E7-4BD2-8D29-DF7E3E67CA55}.Release|iPhoneSimulator.ActiveCfg = Release|x86
		{35A7BF9B-33E7-4BD2-8D29-DF7E3E67CA55}.Release|x64.ActiveCfg = Release|x64
		{35A7BF9B-33E7-4BD2-8D29-DF7E3E67CA55}.Release|x64.Build.0 = Release|x64
		{35A7BF9B-33E7-4BD2-8D29-DF7E3E67CA55}.Release|x64.Deploy.0 = Release|x64
		{35A7BF9B-33E7-4BD2-8D29-DF7E3E67CA55}.Release|x86.ActiveCfg = Release|x86
		{35A7BF9B-33E7-4BD2-8D29-DF7E3E67CA55}.Release|x86.Build.0 = Release|x86
		{35A7BF9B-33E7-4BD2-8D29-DF7E3E67CA55}.Release|x86.Deploy.0 = Release|x86
	EndGlobalSection
	GlobalSection(SolutionProperties) = preSolution
		HideSolutionNode = FALSE
	EndGlobalSection
EndGlobal
